
Microsoft Visual Studio Solution File, Format Version 12.00
# Visual Studio Version 16
VisualStudioVersion = 16.0.31410.357
MinimumVisualStudioVersion = 10.0.40219.1
Project("{8BC9CEB8-8B4A-11D0-8D11-00A0C91BC942}") = "font_face", "font_face.vcxproj", "{6EA93A6E-A038-42E7-817E-595167A7953D}"
EndProject
Global
	GlobalSection(SolutionConfigurationPlatforms) = preSolution
		Debug|x64 = Debug|x64
		Release|x64 = Release|x64
	EndGlobalSection
	GlobalSection(ProjectConfigurationPlatforms) = postSolution
		{6EA93A6E-A038-42E7-817E-595167A7953D}.Debug|x64.ActiveCfg = Debug|x64
		{6EA93A6E-A038-42E7-817E-595167A7953D}.Debug|x64.Build.0 = Debug|x64
		{6EA93A6E-A038-42E7-817E-595167A7953D}.Release|x64.ActiveCfg = Release|x64
		{6EA93A6E-A038-42E7-817E-595167A7953D}.Release|x64.Build.0 = Release|x64
	EndGlobalSection
	GlobalSection(SolutionProperties) = preSolution
		HideSolutionNode = FALSE
	EndGlobalSection
	GlobalSection(ExtensibilityGlobals) = postSolution
		SolutionGuid = {6489BB7D-A2C8-47E4-BD03-5032272E0449}
	EndGlobalSection
EndGlobal
